{
  "name": "@dsh-external/dsh-super-injector",
  "version": "0.3.3",
  "lockfileVersion": 3,
  "requires": true,
  "packages": {
    "": {
      "name": "@dsh-external/dsh-super-injector",
      "version": "0.3.3",
      "license": "BSD-3-Clause",
      "devDependencies": {
        "@deepseek-ai/cordis-plugin-loader": "^1.0.2",
        "@types/node": "^24.13.3",
        "tsdown": "^0.22.14",
        "typescript": "^5.9.3"
      },
      "peerDependencies": {
        "@deepseek-ai/dsh-tools": ">=0.0.1-rc <2",
        "cordis": ">=4.0.0-rc <5",
        "schemastery": "^3.18.0"
      }
    },
    "node_modules/@deepseek-ai/cordis": {
      "version": "4.0.1",
      "license": "MIT",
      "peer": true,
      "dependencies": {
        "@deepseek-ai/cosmokit": "^1.8.2",
        "@standard-schema/spec": "^1.1.0"
      },
      "bin": {
        "cordis": "bin.js"
      },
      "peerDependencies": {
        "@deepseek-ai/cordis-plugin-include": "^1.0.6",
        "@deepseek-ai/cordis-plugin-loader": "^1.0.2"
      },
      "peerDependenciesMeta": {
        "@deepseek-ai/cordis-plugin-include": {
          "optional": true
        },
        "@deepseek-ai/cordis-plugin-loader": {
          "optional": true
        }
      }
    },
    "node_modules/@deepseek-ai/cordis-plugin-loader": {
      "version": "1.0.2",
      "devOptional": true,
      "license": "MIT",
      "dependencies": {
        "@deepseek-ai/cosmokit": "^1.8.2"
      },
      "peerDependencies": {
        "@deepseek-ai/cordis": "^4.0.1",
        "node-addon-require-builtin": "^0.1.4"
      },
      "peerDependenciesMeta": {
        "node-addon-require-builtin": {
          "optional": true
        }
      }
    },
    "node_modules/@deepseek-ai/cosmokit": {
      "version": "1.8.2",
      "license": "MIT"
    },
    "node_modules/@deepseek-ai/dsh-agent": {
      "version": "0.0.1-rc.5",
      "license": "BSD-3-Clause",
      "peer": true,
      "peerDependencies": {
        "@deepseek-ai/cordis": "^4.0.1-rc.4",
        "@deepseek-ai/dsh-invariants": "^0.0.1-rc.5",
        "@deepseek-ai/dsh-llm": "^0.0.1-rc.5",
        "@deepseek-ai/dsh-scope": "^0.0.1-rc.5",
        "@deepseek-ai/dsh-session": "^0.0.1-rc.5",
        "@deepseek-ai/dsh-system-prompt": "^0.0.1-rc.5",
        "@deepseek-ai/dsh-typert-protocol": "^0.0.1-rc.5"
      }
    },
    "node_modules/@deepseek-ai/dsh-attachment": {
      "version": "0.0.1-rc.5",
      "license": "BSD-3-Clause",
      "peer": true,
      "peerDependencies": {
        "@deepseek-ai/cordis": "^4.0.1-rc.4",
        "@deepseek-ai/dsh-brand": "^0.0.1-rc.5",
        "@deepseek-ai/dsh-invariants": "^0.0.1-rc.5"
      }
    },
    "node_modules/@deepseek-ai/dsh-brand": {
      "version": "0.0.1-rc.5",
      "license": "BSD-3-Clause",
      "peer": true,
      "peerDependencies": {
        "@deepseek-ai/cordis": "^4.0.1-rc.4",
        "@deepseek-ai/dsh-invariants": "^0.0.1-rc.5"
      }
    },
    "node_modules/@deepseek-ai/dsh-code-runtime": {
      "version": "0.0.1-rc.1",
      "license": "BSD-3-Clause",
      "peer": true,
      "peerDependencies": {
        "@deepseek-ai/cordis": "^4.0.1-rc.1",
        "@deepseek-ai/dsh-invariants": "^0.0.1-rc.1"
      }
    },
    "node_modules/@deepseek-ai/dsh-invariants": {
      "version": "0.0.1-rc.5",
      "license": "BSD-3-Clause",
      "peer": true,
      "dependencies": {
        "@deepseek-ai/schemastery": "^3.18.1-rc.4"
      },
      "peerDependencies": {
        "@deepseek-ai/cordis": "^4.0.1-rc.4"
      }
    },
    "node_modules/@deepseek-ai/dsh-llm": {
      "version": "0.0.1-rc.5",
      "license": "BSD-3-Clause",
      "peer": true,
      "dependencies": {
        "@deepseek-ai/schemastery": "^3.18.1-rc.4"
      },
      "peerDependencies": {
        "@deepseek-ai/cordis": "^4.0.1-rc.4",
        "@deepseek-ai/dsh-attachment": "^0.0.1-rc.5",
        "@deepseek-ai/dsh-brand": "^0.0.1-rc.5",
        "@deepseek-ai/dsh-invariants": "^0.0.1-rc.5",
        "@deepseek-ai/dsh-timeout": "^0.0.1-rc.5"
      }
    },
    "node_modules/@deepseek-ai/dsh-scope": {
      "version": "0.0.1-rc.5",
      "license": "BSD-3-Clause",
      "peer": true,
      "peerDependencies": {
        "@deepseek-ai/cordis": "^4.0.1-rc.4",
        "@deepseek-ai/dsh-invariants": "^0.0.1-rc.5"
      }
    },
    "node_modules/@deepseek-ai/dsh-session": {
      "version": "0.0.1-rc.5",
      "license": "BSD-3-Clause",
      "peer": true,
      "peerDependencies": {
        "@deepseek-ai/cordis": "^4.0.1-rc.4",
        "@deepseek-ai/dsh-brand": "^0.0.1-rc.5",
        "@deepseek-ai/dsh-invariants": "^0.0.1-rc.5",
        "@deepseek-ai/dsh-llm": "^0.0.1-rc.5",
        "@deepseek-ai/dsh-scope": "^0.0.1-rc.5",
        "@deepseek-ai/dsh-typert-protocol": "^0.0.1-rc.5"
      }
    },
    "node_modules/@deepseek-ai/dsh-system-prompt": {
      "version": "0.0.1-rc.5",
      "license": "BSD-3-Clause",
      "peer": true,
      "dependencies": {
        "@deepseek-ai/schemastery": "^3.18.1-rc.4"
      },
      "peerDependencies": {
        "@deepseek-ai/cordis": "^4.0.1-rc.4",
        "@deepseek-ai/dsh-invariants": "^0.0.1-rc.5",
        "@deepseek-ai/dsh-llm": "^0.0.1-rc.5",
        "@deepseek-ai/dsh-scope": "^0.0.1-rc.5"
      }
    },
    "node_modules/@deepseek-ai/dsh-timeout": {
      "version": "0.0.1-rc.5",
      "license": "BSD-3-Clause",
      "peer": true,
      "peerDependencies": {
        "@deepseek-ai/cordis": "^4.0.1-rc.4",
        "@deepseek-ai/dsh-invariants": "^0.0.1-rc.5"
      }
    },
    "node_modules/@deepseek-ai/dsh-tools": {
      "version": "0.0.1-rc.1",
      "license": "BSD-3-Clause",
      "peer": true,
      "dependencies": {
        "@deepseek-ai/schemastery": "^3.18.1-rc.1"
      },
      "peerDependencies": {
        "@deepseek-ai/cordis": "^4.0.1-rc.1",
        "@deepseek-ai/dsh-agent": "^0.0.1-rc.1",
        "@deepseek-ai/dsh-code-runtime": "^0.0.1-rc.1",
        "@deepseek-ai/dsh-invariants": "^0.0.1-rc.1",
        "@deepseek-ai/dsh-llm": "^0.0.1-rc.1",
        "@deepseek-ai/dsh-scope": "^0.0.1-rc.1",
        "@deepseek-ai/dsh-session": "^0.0.1-rc.1",
        "@deepseek-ai/dsh-system-prompt": "^0.0.1-rc.1",
        "@deepseek-ai/dsh-user-approval": "^0.0.1-rc.1"
      }
    },
    "node_modules/@deepseek-ai/dsh-typert-protocol": {
      "version": "0.0.1-rc.5",
      "license": "BSD-3-Clause",
      "peer": true,
      "peerDependencies": {
        "@deepseek-ai/cordis": "^4.0.1-rc.4",
        "@deepseek-ai/dsh-invariants": "^0.0.1-rc.5"
      }
    },
    "node_modules/@deepseek-ai/dsh-user-approval": {
      "version": "0.0.1-rc.1",
      "license": "BSD-3-Clause",
      "peer": true,
      "dependencies": {
        "@deepseek-ai/schemastery": "^3.18.1-rc.1"
      },
      "peerDependencies": {
        "@deepseek-ai/cordis": "^4.0.1-rc.1",
        "@deepseek-ai/dsh-agent": "^0.0.1-rc.1",
        "@deepseek-ai/dsh-brand": "^0.0.1-rc.1",
        "@deepseek-ai/dsh-invariants": "^0.0.1-rc.1",
        "@deepseek-ai/dsh-llm": "^0.0.1-rc.1",
        "@deepseek-ai/dsh-scope": "^0.0.1-rc.1",
        "@deepseek-ai/dsh-session": "^0.0.1-rc.1",
        "@deepseek-ai/dsh-system-prompt": "^0.0.1-rc.1"
      }
    },
    "node_modules/@deepseek-ai/schemastery": {
      "version": "3.18.1",
      "license": "MIT",
      "peer": true,
      "dependencies": {
        "@deepseek-ai/cosmokit": "^1.8.2",
        "@standard-schema/spec": "^1.1.0"
      }
    },
    "node_modules/@oxc-project/types": {
      "version": "0.146.0",
      "dev": true,
      "license": "MIT",
      "funding": {
        "url": "https://github.com/sponsors/Boshen"
      }
    },
    "node_modules/@quansync/fs": {
      "version": "1.0.0",
      "dev": true,
      "license": "MIT",
      "dependencies": {
        "quansync": "^1.0.0"
      },
      "funding": {
        "url": "https://github.com/sponsors/sxzz"
      }
    },
    "node_modules/@rolldown/binding-android-arm-eabi": {
      "version": "1.2.5",
      "resolved": "https://registry.npmjs.org/@rolldown/binding-android-arm-eabi/-/binding-android-arm-eabi-1.2.5.tgz",
      "integrity": "sha512-DLe/i+l8ynIBY7XEQ191TeZvCoowIGa18R+dIV30GW7DiOtp74i/xX8hs8GUjW5ARV7VZuie3d6AumSmCwbeRA==",
      "cpu": [
        "arm"
      ],
      "dev": true,
      "license": "MIT",
      "optional": true,
      "os": [
        "android"
      ],
      "engines": {
        "node": "^20.19.0 || >=22.12.0"
      }
    },
    "node_modules/@rolldown/binding-android-arm64": {
      "version": "1.2.5",
      "resolved": "https://registry.npmjs.org/@rolldown/binding-android-arm64/-/binding-android-arm64-1.2.5.tgz",
      "integrity": "sha512-zXcwKlQApYAOELHd8PwKDFkagYF9Wy4e0RJ+0qnzl9Pjnpj75TEG8ufv40p2J7kCEfwZAsNiuzRIyNNMWT38ig==",
      "cpu": [
        "arm64"
      ],
      "dev": true,
      "license": "MIT",
      "optional": true,
      "os": [
        "android"
      ],
      "engines": {
        "node": "^20.19.0 || >=22.12.0"
      }
    },
    "node_modules/@rolldown/binding-darwin-arm64": {
      "version": "1.2.5",
      "cpu": [
        "arm64"
      ],
      "dev": true,
      "license": "MIT",
      "optional": true,
      "os": [
        "darwin"
      ],
      "engines": {
        "node": "^20.19.0 || >=22.12.0"
      }
    },
    "node_modules/@rolldown/binding-darwin-x64": {
      "version": "1.2.5",
      "resolved": "https://registry.npmjs.org/@rolldown/binding-darwin-x64/-/binding-darwin-x64-1.2.5.tgz",
      "integrity": "sha512-fqSALaUu1Wjd1nK2uW2kJDWdLCc8lx1IcY+MTY26Aurfdx19anlzhqXOgCFbBFQnlFDTn4TC1/7Nz4Bl2mLP3A==",
      "cpu": [
        "x64"
      ],
      "dev": true,
      "license": "MIT",
      "optional": true,
      "os": [
        "darwin"
      ],
      "engines": {
        "node": "^20.19.0 || >=22.12.0"
      }
    },
    "node_modules/@rolldown/binding-freebsd-x64": {
      "version": "1.2.5",
      "resolved": "https://registry.npmjs.org/@rolldown/binding-freebsd-x64/-/binding-freebsd-x64-1.2.5.tgz",
      "integrity": "sha512-/vCnNxlkxs9tKxNDcyWUePpJ/PgTzxIaVhoM5SmG8UV+GR/IcPam4VYxi7GIMo7PSDuNqlJqvprqii9NqqVCMw==",
      "cpu": [
        "x64"
      ],
      "dev": true,
      "license": "MIT",
      "optional": true,
      "os": [
        "freebsd"
      ],
      "engines": {
        "node": "^20.19.0 || >=22.12.0"
      }
    },
    "node_modules/@rolldown/binding-linux-arm-gnueabihf": {
      "version": "1.2.5",
      "resolved": "https://registry.npmjs.org/@rolldown/binding-linux-arm-gnueabihf/-/binding-linux-arm-gnueabihf-1.2.5.tgz",
      "integrity": "sha512-abk0NLA519LxRCszmbE0jYKuQ9YPocOXTiOXOo6Yr+YAT95VH+PtqYAjOJvGKt3viEd/x4qzabAlwd5bHOOARg==",
      "cpu": [
        "arm"
      ],
      "dev": true,
      "license": "MIT",
      "optional": true,
      "os": [
        "linux"
      ],
      "engines": {
        "node": "^20.19.0 || >=22.12.0"
      }
    },
    "node_modules/@rolldown/binding-linux-arm64-gnu": {
      "version": "1.2.5",
      "resolved": "https://registry.npmjs.org/@rolldown/binding-linux-arm64-gnu/-/binding-linux-arm64-gnu-1.2.5.tgz",
      "integrity": "sha512-Y7eALiJ8lr0M2HH103Js+g7V34wf6snlpZLAsHI90uLhr3PVlNsbFVAXJC9d/V6BnPyKtpSwI+NcB/RLxsQxuA==",
      "cpu": [
        "arm64"
      ],
      "dev": true,
      "libc": [
        "glibc"
      ],
      "license": "MIT",
      "optional": true,
      "os": [
        "linux"
      ],
      "engines": {
        "node": "^20.19.0 || >=22.12.0"
      }
    },
    "node_modules/@rolldown/binding-linux-arm64-musl": {
      "version": "1.2.5",
      "resolved": "https://registry.npmjs.org/@rolldown/binding-linux-arm64-musl/-/binding-linux-arm64-musl-1.2.5.tgz",
      "integrity": "sha512-xMvZgnbZg4YVnR/AX2b3oOPDTFYJvUVaJg5FedA/LuvexAtXibZQej4cnTkw3rjsJ/ggUROB64TdtETiim+FYA==",
      "cpu": [
        "arm64"
      ],
      "dev": true,
      "libc": [
        "musl"
      ],
      "license": "MIT",
      "optional": true,
      "os": [
        "linux"
      ],
      "engines": {
        "node": "^20.19.0 || >=22.12.0"
      }
    },
    "node_modules/@rolldown/binding-linux-ppc64-gnu": {
      "version": "1.2.5",
      "resolved": "https://registry.npmjs.org/@rolldown/binding-linux-ppc64-gnu/-/binding-linux-ppc64-gnu-1.2.5.tgz",
      "integrity": "sha512-GRjeqTUDHTo5GwntsLaAMcBahG3nlpjftXWZLN73HiYQlhwEowvarFgQnRnQZtIp4keXX7quXFbG38uPZBa2EA==",
      "cpu": [
        "ppc64"
      ],
      "dev": true,
      "libc": [
        "glibc"
      ],
      "license": "MIT",
      "optional": true,
      "os": [
        "linux"
      ],
      "engines": {
        "node": "^20.19.0 || >=22.12.0"
      }
    },
    "node_modules/@rolldown/binding-linux-s390x-gnu": {
      "version": "1.2.5",
      "resolved": "https://registry.npmjs.org/@rolldown/binding-linux-s390x-gnu/-/binding-linux-s390x-gnu-1.2.5.tgz",
      "integrity": "sha512-vLNTR45F2Uwc8AufkNXPmB4VliaXs+FvcheEogIzOXzO4l+LzieXF5A/TWxLy5HtqpsRCHUfd0lPVrrdgXdLHQ==",
      "cpu": [
        "s390x"
      ],
      "dev": true,
      "libc": [
        "glibc"
      ],
      "license": "MIT",
      "optional": true,
      "os": [
        "linux"
      ],
      "engines": {
        "node": "^20.19.0 || >=22.12.0"
      }
    },
    "node_modules/@rolldown/binding-linux-x64-gnu": {
      "version": "1.2.5",
      "resolved": "https://registry.npmjs.org/@rolldown/binding-linux-x64-gnu/-/binding-linux-x64-gnu-1.2.5.tgz",
      "integrity": "sha512-Mgj59/HTuYeK9Gz2MA+mBWKnHsAgkBSec15ZMb1st3oIfFbX7gCjOae7GydHhzcyQi9Z/7M1QuN9bR3oFqF0jQ==",
      "cpu": [
        "x64"
      ],
      "dev": true,
      "libc": [
        "glibc"
      ],
      "license": "MIT",
      "optional": true,
      "os": [
        "linux"
      ],
      "engines": {
        "node": "^20.19.0 || >=22.12.0"
      }
    },
    "node_modules/@rolldown/binding-linux-x64-musl": {
      "version": "1.2.5",
      "resolved": "https://registry.npmjs.org/@rolldown/binding-linux-x64-musl/-/binding-linux-x64-musl-1.2.5.tgz",
      "integrity": "sha512-mY8AP0/ichsbhAxGnLa3d3+MwV0EfgrPND2bplI3Ym8T6R2pJ0N87bvrKVwNXmdy3jnr6eQBecdqx/HMknBmpA==",
      "cpu": [
        "x64"
      ],
      "dev": true,
      "libc": [
        "musl"
      ],
      "license": "MIT",
      "optional": true,
      "os": [
        "linux"
      ],
      "engines": {
        "node": "^20.19.0 || >=22.12.0"
      }
    },
    "node_modules/@rolldown/binding-openharmony-arm64": {
      "version": "1.2.5",
      "resolved": "https://registry.npmjs.org/@rolldown/binding-openharmony-arm64/-/binding-openharmony-arm64-1.2.5.tgz",
      "integrity": "sha512-8SLssA2oweAxyRgDp789ACfRb/3P+zNRJpzZxSizxF9m8NUDQ4+3xjo8ttjhVGGw6Qxb70oZiEtIjaKikCO7Yw==",
      "cpu": [
        "arm64"
      ],
      "dev": true,
      "license": "MIT",
      "optional": true,
      "os": [
        "openharmony"
      ],
      "engines": {
        "node": "^20.19.0 || >=22.12.0"
      }
    },
    "node_modules/@rolldown/binding-win32-arm64-msvc": {
      "version": "1.2.5",
      "resolved": "https://registry.npmjs.org/@rolldown/binding-win32-arm64-msvc/-/binding-win32-arm64-msvc-1.2.5.tgz",
      "integrity": "sha512-vGbruD5zquhoc8D9SViXgN2FBJtNdTyQ4DtG+SWiEGlJiAzoKcZ2xp+xuXCffhubVdt0NJlTZqkeRuERy7g8Cw==",
      "cpu": [
        "arm64"
      ],
      "dev": true,
      "license": "MIT",
      "optional": true,
      "os": [
        "win32"
      ],
      "engines": {
        "node": "^20.19.0 || >=22.12.0"
      }
    },
    "node_modules/@rolldown/binding-win32-x64-msvc": {
      "version": "1.2.5",
      "resolved": "https://registry.npmjs.org/@rolldown/binding-win32-x64-msvc/-/binding-win32-x64-msvc-1.2.5.tgz",
      "integrity": "sha512-e/SXpgISz+IoqVcSSI0rx/d/he8zqLex+/rCWpnHpmVfmPIUjag9H6P7zotf0gJHwPUhQxZ/mF8tr6acebT9yw==",
      "cpu": [
        "x64"
      ],
      "dev": true,
      "license": "MIT",
      "optional": true,
      "os": [
        "win32"
      ],
      "engines": {
        "node": "^20.19.0 || >=22.12.0"
      }
    },
    "node_modules/@rolldown/pluginutils": {
      "version": "1.0.1",
      "dev": true,
      "license": "MIT"
    },
    "node_modules/@standard-schema/spec": {
      "version": "1.1.0",
      "license": "MIT",
      "peer": true
    },
    "node_modules/@types/node": {
      "version": "24.13.3",
      "dev": true,
      "license": "MIT",
      "dependencies": {
        "undici-types": "~7.18.0"
      }
    },
    "node_modules/@yuku-codegen/binding-android-arm64": {
      "version": "0.8.7",
      "resolved": "https://registry.npmjs.org/@yuku-codegen/binding-android-arm64/-/binding-android-arm64-0.8.7.tgz",
      "integrity": "sha512-C/0zV5IhgVdYhGJTwrY0v8dknxlhiKwtVJkMUaexu9/QvRmzlV4vfU3hZlUSgqc2BxQHntL1mCVbDq8j0FRFDw==",
      "cpu": [
        "arm64"
      ],
      "dev": true,
      "license": "MIT",
      "optional": true,
      "os": [
        "android"
      ]
    },
    "node_modules/@yuku-codegen/binding-darwin-arm64": {
      "version": "0.8.7",
      "cpu": [
        "arm64"
      ],
      "dev": true,
      "license": "MIT",
      "optional": true,
      "os": [
        "darwin"
      ]
    },
    "node_modules/@yuku-codegen/binding-darwin-x64": {
      "version": "0.8.7",
      "resolved": "https://registry.npmjs.org/@yuku-codegen/binding-darwin-x64/-/binding-darwin-x64-0.8.7.tgz",
      "integrity": "sha512-sMMzFOwCo4WXR+/6zIBThOocSC50iIIZZdfiIDbaLvj0Ax/rWt/iavyfEAqajyvzydLyCqR/ZItdLWSRlu1umw==",
      "cpu": [
        "x64"
      ],
      "dev": true,
      "license": "MIT",
      "optional": true,
      "os": [
        "darwin"
      ]
    },
    "node_modules/@yuku-codegen/binding-freebsd-x64": {
      "version": "0.8.7",
      "resolved": "https://registry.npmjs.org/@yuku-codegen/binding-freebsd-x64/-/binding-freebsd-x64-0.8.7.tgz",
      "integrity": "sha512-MpdpKXix9P+Y1rKgjvcNeNtGjXeL1CmttNhYINrWls8kRpm4xM/oBGTmn6w7to8lAlwj5jm8q03dQPl5mRv4Qw==",
      "cpu": [
        "x64"
      ],
      "dev": true,
      "license": "MIT",
      "optional": true,
      "os": [
        "freebsd"
      ]
    },
    "node_modules/@yuku-codegen/binding-linux-arm-gnu": {
      "version": "0.8.7",
      "resolved": "https://registry.npmjs.org/@yuku-codegen/binding-linux-arm-gnu/-/binding-linux-arm-gnu-0.8.7.tgz",
      "integrity": "sha512-rr1srFLlPAmC1vtxfc9C1YLDe3iH09YjfSeeIidBqKhzx1MATjOAq4mjlRUOnhr/L27MotWIYOFKwVsd5JZFOg==",
      "cpu": [
        "arm"
      ],
      "dev": true,
      "libc": [
        "glibc"
      ],
      "license": "MIT",
      "optional": true,
      "os": [
        "linux"
      ]
    },
    "node_modules/@yuku-codegen/binding-linux-arm-musl": {
      "version": "0.8.7",
      "resolved": "https://registry.npmjs.org/@yuku-codegen/binding-linux-arm-musl/-/binding-linux-arm-musl-0.8.7.tgz",
      "integrity": "sha512-eAufXh8qBRpiSO6ueaMDL+yyoXIGLhpUce72YbcACtZU2qhExwBIJyEtQf5kH2Ki0X2aqkSjSfog4OPtKXan3Q==",
      "cpu": [
        "arm"
      ],
      "dev": true,
      "libc": [
        "musl"
      ],
      "license": "MIT",
      "optional": true,
      "os": [
        "linux"
      ]
    },
    "node_modules/@yuku-codegen/binding-linux-arm64-gnu": {
      "version": "0.8.7",
      "resolved": "https://registry.npmjs.org/@yuku-codegen/binding-linux-arm64-gnu/-/binding-linux-arm64-gnu-0.8.7.tgz",
      "integrity": "sha512-gw4w6wPoHObBrdIC4duVWLmJOvpdE25j5D7yrM5mACNlK4klRz/lv8hK+ssQk9EJHBgZjSaqZIJVFgqNYbfv7A==",
      "cpu": [
        "arm64"
      ],
      "dev": true,
      "libc": [
        "glibc"
      ],
      "license": "MIT",
      "optional": true,
      "os": [
        "linux"
      ]
    },
    "node_modules/@yuku-codegen/binding-linux-arm64-musl": {
      "version": "0.8.7",
      "resolved": "https://registry.npmjs.org/@yuku-codegen/binding-linux-arm64-musl/-/binding-linux-arm64-musl-0.8.7.tgz",
      "integrity": "sha512-L68N6Y4XkqcIaKo3Ra88JEvBEH4AHff44A4INcrxeVWZ8CZtu2tCpfVxe3hR8qQQMcvBSQlDn24KpkCKEhVvfA==",
      "cpu": [
        "arm64"
      ],
      "dev": true,
      "libc": [
        "musl"
      ],
      "license": "MIT",
      "optional": true,
      "os": [
        "linux"
      ]
    },
    "node_modules/@yuku-codegen/binding-linux-x64-gnu": {
      "version": "0.8.7",
      "resolved": "https://registry.npmjs.org/@yuku-codegen/binding-linux-x64-gnu/-/binding-linux-x64-gnu-0.8.7.tgz",
      "integrity": "sha512-dzyAbltJmf3Cqlb8HcFuYIf5Yn0fl1vTr3XJ9HiVNNvOlhqPSArOqtw9vI1p6/VTXTjrMLXlU+s+/kNHiIy/Cw==",
      "cpu": [
        "x64"
      ],
      "dev": true,
      "libc": [
        "glibc"
      ],
      "license": "MIT",
      "optional": true,
      "os": [
        "linux"
      ]
    },
    "node_modules/@yuku-codegen/binding-linux-x64-musl": {
      "version": "0.8.7",
      "resolved": "https://registry.npmjs.org/@yuku-codegen/binding-linux-x64-musl/-/binding-linux-x64-musl-0.8.7.tgz",
      "integrity": "sha512-Otw4MH3404q0Bbvl+YTdW9aoUV5vXmUw8260bWvt1XlaoIX/ceSgI4ygheRDMfBPoHt6FDayQaO9OLVUZAgkFA==",
      "cpu": [
        "x64"
      ],
      "dev": true,
      "libc": [
        "musl"
      ],
      "license": "MIT",
      "optional": true,
      "os": [
        "linux"
      ]
    },
    "node_modules/@yuku-codegen/binding-win32-arm64": {
      "version": "0.8.7",
      "resolved": "https://registry.npmjs.org/@yuku-codegen/binding-win32-arm64/-/binding-win32-arm64-0.8.7.tgz",
      "integrity": "sha512-qo/jyrzryiBuKEsFiuWaBCBe3tRMynQ0qFWFgOEjcCMQeZfBm+wKiVEUEFXXLc7bh8YezguAWp0Mtnhq4ARNyA==",
      "cpu": [
        "arm64"
      ],
      "dev": true,
      "license": "MIT",
      "optional": true,
      "os": [
        "win32"
      ]
    },
    "node_modules/@yuku-codegen/binding-win32-x64": {
      "version": "0.8.7",
      "resolved": "https://registry.npmjs.org/@yuku-codegen/binding-win32-x64/-/binding-win32-x64-0.8.7.tgz",
      "integrity": "sha512-D5lDsVDx6m00E6bWySlWdH72Ca4TPSaphDqB6QjU6MpuNLIJqoGoatYyq2rOmBE8Zv/kunot/o58KGL03P3eiA==",
      "cpu": [
        "x64"
      ],
      "dev": true,
      "license": "MIT",
      "optional": true,
      "os": [
        "win32"
      ]
    },
    "node_modules/@yuku-parser/binding-android-arm64": {
      "version": "0.8.7",
      "resolved": "https://registry.npmjs.org/@yuku-parser/binding-android-arm64/-/binding-android-arm64-0.8.7.tgz",
      "integrity": "sha512-eGKYiUDX7Y0V7tDTmg+JTVnXnjMqfXXsorZ+EDf5kxwchQ3Or1HS14MzI2fw+jFhHR85fCWt+mtX33Yao73hIQ==",
      "cpu": [
        "arm64"
      ],
      "dev": true,
      "license": "MIT",
      "optional": true,
      "os": [
        "android"
      ]
    },
    "node_modules/@yuku-parser/binding-darwin-arm64": {
      "version": "0.8.7",
      "cpu": [
        "arm64"
      ],
      "dev": true,
      "license": "MIT",
      "optional": true,
      "os": [
        "darwin"
      ]
    },
    "node_modules/@yuku-parser/binding-darwin-x64": {
      "version": "0.8.7",
      "resolved": "https://registry.npmjs.org/@yuku-parser/binding-darwin-x64/-/binding-darwin-x64-0.8.7.tgz",
      "integrity": "sha512-Hn8DROtQkjlA1ACbPgj4a7eP9IuVOI504oiTwpkWPbpaDWD9KdmnVYCqW+1LfenNK/g7O9NhWGpXEdaCNX7lIA==",
      "cpu": [
        "x64"
      ],
      "dev": true,
      "license": "MIT",
      "optional": true,
      "os": [
        "darwin"
      ]
    },
    "node_modules/@yuku-parser/binding-freebsd-x64": {
      "version": "0.8.7",
      "resolved": "https://registry.npmjs.org/@yuku-parser/binding-freebsd-x64/-/binding-freebsd-x64-0.8.7.tgz",
      "integrity": "sha512-bAP2OV8wRuzplX/jYxv9+vvqQT8JxyNphI8fLfXGL054Xs+4/J5u33cIm3y4rxY8rdoLmmdiJs2Tq7r7lrDRfA==",
      "cpu": [
        "x64"
      ],
      "dev": true,
      "license": "MIT",
      "optional": true,
      "os": [
        "freebsd"
      ]
    },
    "node_modules/@yuku-parser/binding-linux-arm-gnu": {
      "version": "0.8.7",
      "resolved": "https://registry.npmjs.org/@yuku-parser/binding-linux-arm-gnu/-/binding-linux-arm-gnu-0.8.7.tgz",
      "integrity": "sha512-kTYwJQQgmZeAWdDIWabiReIZMpmfLueIj1tCmjStUtFGhR1Z0qwxonKVfUC4N7h/VhGGzLZ//7O1kgt1QKqgCg==",
      "cpu": [
        "arm"
      ],
      "dev": true,
      "libc": [
        "glibc"
      ],
      "license": "MIT",
      "optional": true,
      "os": [
        "linux"
      ]
    },
    "node_modules/@yuku-parser/binding-linux-arm-musl": {
      "version": "0.8.7",
      "resolved": "https://registry.npmjs.org/@yuku-parser/binding-linux-arm-musl/-/binding-linux-arm-musl-0.8.7.tgz",
      "integrity": "sha512-uL4jE8HPT2BLlxAXyD10LqgPuXa9eDa0BKpCdSANmzIJghq/2eZo3/gQNtaxPZMupWoxjYzSad9IXrwu7aYPXQ==",
      "cpu": [
        "arm"
      ],
      "dev": true,
      "libc": [
        "musl"
      ],
      "license": "MIT",
      "optional": true,
      "os": [
        "linux"
      ]
    },
    "node_modules/@yuku-parser/binding-linux-arm64-gnu": {
      "version": "0.8.7",
      "resolved": "https://registry.npmjs.org/@yuku-parser/binding-linux-arm64-gnu/-/binding-linux-arm64-gnu-0.8.7.tgz",
      "integrity": "sha512-3gVN4pWSKZmXiNX7cU164dR9MPvesCHnlH6nPfpK+yQsCuYphjKKplcb4SnZBrhiqmXbgb2HR0c2TS0IZUPhgA==",
      "cpu": [
        "arm64"
      ],
      "dev": true,
      "libc": [
        "glibc"
      ],
      "license": "MIT",
      "optional": true,
      "os": [
        "linux"
      ]
    },
    "node_modules/@yuku-parser/binding-linux-arm64-musl": {
      "version": "0.8.7",
      "resolved": "https://registry.npmjs.org/@yuku-parser/binding-linux-arm64-musl/-/binding-linux-arm64-musl-0.8.7.tgz",
      "integrity": "sha512-S0mwfEjoLpxzXeZw802Wa4RaELsQiPtWqG6INcy8j4GtvNFtl4LCX3eGO1XLn9pyLAISLzTRyU3zUCBUPin8lg==",
      "cpu": [
        "arm64"
      ],
      "dev": true,
      "libc": [
        "musl"
      ],
      "license": "MIT",
      "optional": true,
      "os": [
        "linux"
      ]
    },
    "node_modules/@yuku-parser/binding-linux-x64-gnu": {
      "version": "0.8.7",
      "resolved": "https://registry.npmjs.org/@yuku-parser/binding-linux-x64-gnu/-/binding-linux-x64-gnu-0.8.7.tgz",
      "integrity": "sha512-lnbWdPmerE5D1uH1G4IEZKnPzCrWCStRGrtgpSIe1RibAo5bZIjDbbbPYXmMHCEh4F+x/JaJpElh26a3r+BPbg==",
      "cpu": [
        "x64"
      ],
      "dev": true,
      "libc": [
        "glibc"
      ],
      "license": "MIT",
      "optional": true,
      "os": [
        "linux"
      ]
    },
    "node_modules/@yuku-parser/binding-linux-x64-musl": {
      "version": "0.8.7",
      "resolved": "https://registry.npmjs.org/@yuku-parser/binding-linux-x64-musl/-/binding-linux-x64-musl-0.8.7.tgz",
      "integrity": "sha512-769uwndMvMzUvATWbAcEvyLHKA+DzhHSCl/obBUrRdYfRo26yxui6S8y3z7uJ+Naup7UKrDxrpK7OnQkxkl9KQ==",
      "cpu": [
        "x64"
      ],
      "dev": true,
      "libc": [
        "musl"
      ],
      "license": "MIT",
      "optional": true,
      "os": [
        "linux"
      ]
    },
    "node_modules/@yuku-parser/binding-win32-arm64": {
      "version": "0.8.7",
      "resolved": "https://registry.npmjs.org/@yuku-parser/binding-win32-arm64/-/binding-win32-arm64-0.8.7.tgz",
      "integrity": "sha512-mEB/9PlaAkisJ6KWGz0zvywXoU6+80dTlR2LwS7s/jcXXoU6fm2+sitBZXtqu3+Q4DcDgPxM45uWMCzPs0TSRw==",
      "cpu": [
        "arm64"
      ],
      "dev": true,
      "license": "MIT",
      "optional": true,
      "os": [
        "win32"
      ]
    },
    "node_modules/@yuku-parser/binding-win32-x64": {
      "version": "0.8.7",
      "resolved": "https://registry.npmjs.org/@yuku-parser/binding-win32-x64/-/binding-win32-x64-0.8.7.tgz",
      "integrity": "sha512-8vNB2DP0ou61nGb8tc/qfi41gfyDXz1MHr2zqL3nR+cJ6CEbiuWV/l/a/vv151gCgiZLLAyGkQGENpozdg716w==",
      "cpu": [
        "x64"
      ],
      "dev": true,
      "license": "MIT",
      "optional": true,
      "os": [
        "win32"
      ]
    },
    "node_modules/@yuku-toolchain/types": {
      "version": "0.8.7",
      "dev": true,
      "license": "MIT"
    },
    "node_modules/ansis": {
      "version": "4.3.1",
      "dev": true,
      "license": "ISC",
      "engines": {
        "node": ">=14"
      }
    },
    "node_modules/cac": {
      "version": "7.0.0",
      "dev": true,
      "license": "MIT",
      "engines": {
        "node": ">=20.19.0"
      }
    },
    "node_modules/cordis": {
      "resolved": "node_modules/@deepseek-ai/cordis",
      "link": true
    },
    "node_modules/defu": {
      "version": "6.1.7",
      "dev": true,
      "license": "MIT"
    },
    "node_modules/dts-resolver": {
      "version": "3.0.0",
      "dev": true,
      "license": "MIT",
      "engines": {
        "node": "^22.18.0 || >=24.0.0"
      },
      "funding": {
        "url": "https://github.com/sponsors/sxzz"
      },
      "peerDependencies": {
        "oxc-resolver": ">=11.0.0"
      },
      "peerDependenciesMeta": {
        "oxc-resolver": {
          "optional": true
        }
      }
    },
    "node_modules/empathic": {
      "version": "2.0.1",
      "dev": true,
      "license": "MIT",
      "engines": {
        "node": ">=14"
      }
    },
    "node_modules/fdir": {
      "version": "6.5.0",
      "dev": true,
      "license": "MIT",
      "engines": {
        "node": ">=12.0.0"
      },
      "peerDependencies": {
        "picomatch": "^3 || ^4"
      },
      "peerDependenciesMeta": {
        "picomatch": {
          "optional": true
        }
      }
    },
    "node_modules/get-tsconfig": {
      "version": "5.0.0-beta.5",
      "dev": true,
      "license": "MIT",
      "dependencies": {
        "resolve-pkg-maps": "^1.0.0"
      },
      "engines": {
        "node": ">=20.20.0"
      },
      "funding": {
        "url": "https://github.com/privatenumber/get-tsconfig?sponsor=1"
      }
    },
    "node_modules/hookable": {
      "version": "6.1.1",
      "dev": true,
      "license": "MIT"
    },
    "node_modules/import-without-cache": {
      "version": "0.4.0",
      "dev": true,
      "license": "MIT",
      "engines": {
        "node": "^22.18.0 || >=24.0.0"
      },
      "funding": {
        "url": "https://github.com/sponsors/sxzz"
      }
    },
    "node_modules/obug": {
      "version": "2.1.4",
      "dev": true,
      "funding": [
        "https://github.com/sponsors/sxzz",
        "https://opencollective.com/debug"
      ],
      "license": "MIT",
      "engines": {
        "node": ">=12.20.0"
      }
    },
    "node_modules/picomatch": {
      "version": "4.0.7",
      "dev": true,
      "license": "MIT",
      "engines": {
        "node": ">=12"
      },
      "funding": {
        "url": "https://github.com/sponsors/jonschlinkert"
      }
    },
    "node_modules/quansync": {
      "version": "1.0.0",
      "dev": true,
      "funding": [
        {
          "type": "individual",
          "url": "https://github.com/sponsors/antfu"
        },
        {
          "type": "individual",
          "url": "https://github.com/sponsors/sxzz"
        }
      ],
      "license": "MIT"
    },
    "node_modules/resolve-pkg-maps": {
      "version": "1.0.0",
      "dev": true,
      "license": "MIT",
      "funding": {
        "url": "https://github.com/privatenumber/resolve-pkg-maps?sponsor=1"
      }
    },
    "node_modules/rolldown": {
      "version": "1.2.5",
      "dev": true,
      "license": "MIT",
      "dependencies": {
        "@oxc-project/types": "=0.146.0",
        "@rolldown/pluginutils": "^1.0.0"
      },
      "bin": {
        "rolldown": "bin/cli.mjs"
      },
      "engines": {
        "node": "^20.19.0 || >=22.12.0"
      },
      "optionalDependencies": {
        "@rolldown/binding-android-arm-eabi": "1.2.5",
        "@rolldown/binding-android-arm64": "1.2.5",
        "@rolldown/binding-darwin-arm64": "1.2.5",
        "@rolldown/binding-darwin-x64": "1.2.5",
        "@rolldown/binding-freebsd-x64": "1.2.5",
        "@rolldown/binding-linux-arm-gnueabihf": "1.2.5",
        "@rolldown/binding-linux-arm64-gnu": "1.2.5",
        "@rolldown/binding-linux-arm64-musl": "1.2.5",
        "@rolldown/binding-linux-ppc64-gnu": "1.2.5",
        "@rolldown/binding-linux-s390x-gnu": "1.2.5",
        "@rolldown/binding-linux-x64-gnu": "1.2.5",
        "@rolldown/binding-linux-x64-musl": "1.2.5",
        "@rolldown/binding-openharmony-arm64": "1.2.5",
        "@rolldown/binding-win32-arm64-msvc": "1.2.5",
        "@rolldown/binding-win32-x64-msvc": "1.2.5"
      }
    },
    "node_modules/rolldown-plugin-dts": {
      "version": "0.27.14",
      "dev": true,
      "license": "MIT",
      "dependencies": {
        "dts-resolver": "^3.0.0",
        "get-tsconfig": "5.0.0-beta.5",
        "obug": "^2.1.4",
        "yuku-ast": "^0.8.0",
        "yuku-codegen": "^0.8.0",
        "yuku-parser": "^0.8.0"
      },
      "engines": {
        "node": "^22.18.0 || >=24.11.0"
      },
      "funding": {
        "url": "https://github.com/sponsors/sxzz"
      },
      "peerDependencies": {
        "@typescript/native-preview": "*",
        "@volar/typescript": "~2.4.0",
        "rolldown": "^1.0.0",
        "typescript": "^5.0.0 || ^6.0.0 || ~7.0.0",
        "vue-tsc": "~3.2.0 || ~3.3.0"
      },
      "peerDependenciesMeta": {
        "@typescript/native-preview": {
          "optional": true
        },
        "@volar/typescript": {
          "optional": true
        },
        "typescript": {
          "optional": true
        },
        "vue-tsc": {
          "optional": true
        }
      }
    },
    "node_modules/schemastery": {
      "resolved": "node_modules/@deepseek-ai/schemastery",
      "link": true
    },
    "node_modules/tinyexec": {
      "version": "1.3.0",
      "dev": true,
      "license": "MIT",
      "engines": {
        "node": ">=18"
      }
    },
    "node_modules/tinyglobby": {
      "version": "0.2.17",
      "dev": true,
      "license": "MIT",
      "dependencies": {
        "fdir": "^6.5.0",
        "picomatch": "^4.0.4"
      },
      "engines": {
        "node": ">=12.0.0"
      },
      "funding": {
        "url": "https://github.com/sponsors/SuperchupuDev"
      }
    },
    "node_modules/tree-kill": {
      "version": "1.2.2",
      "dev": true,
      "license": "MIT",
      "bin": {
        "tree-kill": "cli.js"
      }
    },
    "node_modules/tsdown": {
      "version": "0.22.14",
      "dev": true,
      "license": "MIT",
      "dependencies": {
        "ansis": "^4.3.1",
        "cac": "^7.0.0",
        "defu": "^6.1.7",
        "empathic": "^2.0.1",
        "hookable": "^6.1.1",
        "import-without-cache": "^0.4.0",
        "obug": "^2.1.4",
        "picomatch": "^4.0.5",
        "rolldown": "~1.2.0",
        "rolldown-plugin-dts": "^0.27.13",
        "tinyexec": "^1.2.4",
        "tinyglobby": "^0.2.17",
        "tree-kill": "^1.2.2",
        "unconfig-core": "^7.5.0",
        "verkit": "^0.3.0"
      },
      "bin": {
        "tsdown": "dist/run.mjs"
      },
      "engines": {
        "node": "^22.18.0 || >=24.11.0"
      },
      "funding": {
        "url": "https://github.com/sponsors/sxzz"
      },
      "peerDependencies": {
        "@arethetypeswrong/core": "^0.18.1",
        "@tsdown/css": "0.22.14",
        "@tsdown/exe": "0.22.14",
        "@vitejs/devtools": "*",
        "publint": "^0.3.8",
        "tsx": "*",
        "typescript": "^5.0.0 || ^6.0.0 || ^7.0.0",
        "unplugin-unused": "^0.5.0",
        "unrun": "*"
      },
      "peerDependenciesMeta": {
        "@arethetypeswrong/core": {
          "optional": true
        },
        "@tsdown/css": {
          "optional": true
        },
        "@tsdown/exe": {
          "optional": true
        },
        "@vitejs/devtools": {
          "optional": true
        },
        "publint": {
          "optional": true
        },
        "tsx": {
          "optional": true
        },
        "typescript": {
          "optional": true
        },
        "unplugin-unused": {
          "optional": true
        },
        "unrun": {
          "optional": true
        }
      }
    },
    "node_modules/typescript": {
      "version": "5.9.3",
      "dev": true,
      "license": "Apache-2.0",
      "bin": {
        "tsc": "bin/tsc",
        "tsserver": "bin/tsserver"
      },
      "engines": {
        "node": ">=14.17"
      }
    },
    "node_modules/unconfig-core": {
      "version": "7.5.0",
      "dev": true,
      "license": "MIT",
      "dependencies": {
        "@quansync/fs": "^1.0.0",
        "quansync": "^1.0.0"
      },
      "funding": {
        "url": "https://github.com/sponsors/antfu"
      }
    },
    "node_modules/undici-types": {
      "version": "7.18.2",
      "dev": true,
      "license": "MIT"
    },
    "node_modules/verkit": {
      "version": "0.3.2",
      "dev": true,
      "license": "MIT",
      "engines": {
        "node": ">=18.12.0"
      },
      "funding": {
        "url": "https://github.com/sponsors/sxzz"
      }
    },
    "node_modules/yuku-ast": {
      "version": "0.8.7",
      "dev": true,
      "license": "MIT",
      "dependencies": {
        "@yuku-toolchain/types": "^0.8.7"
      }
    },
    "node_modules/yuku-codegen": {
      "version": "0.8.7",
      "dev": true,
      "license": "MIT",
      "dependencies": {
        "@yuku-toolchain/types": "^0.8.7"
      },
      "optionalDependencies": {
        "@yuku-codegen/binding-android-arm64": "0.8.7",
        "@yuku-codegen/binding-darwin-arm64": "0.8.7",
        "@yuku-codegen/binding-darwin-x64": "0.8.7",
        "@yuku-codegen/binding-freebsd-x64": "0.8.7",
        "@yuku-codegen/binding-linux-arm-gnu": "0.8.7",
        "@yuku-codegen/binding-linux-arm-musl": "0.8.7",
        "@yuku-codegen/binding-linux-arm64-gnu": "0.8.7",
        "@yuku-codegen/binding-linux-arm64-musl": "0.8.7",
        "@yuku-codegen/binding-linux-x64-gnu": "0.8.7",
        "@yuku-codegen/binding-linux-x64-musl": "0.8.7",
        "@yuku-codegen/binding-win32-arm64": "0.8.7",
        "@yuku-codegen/binding-win32-x64": "0.8.7"
      }
    },
    "node_modules/yuku-parser": {
      "version": "0.8.7",
      "dev": true,
      "license": "MIT",
      "dependencies": {
        "@yuku-toolchain/types": "^0.8.7",
        "yuku-ast": "^0.8.7"
      },
      "optionalDependencies": {
        "@yuku-parser/binding-android-arm64": "0.8.7",
        "@yuku-parser/binding-darwin-arm64": "0.8.7",
        "@yuku-parser/binding-darwin-x64": "0.8.7",
        "@yuku-parser/binding-freebsd-x64": "0.8.7",
        "@yuku-parser/binding-linux-arm-gnu": "0.8.7",
        "@yuku-parser/binding-linux-arm-musl": "0.8.7",
        "@yuku-parser/binding-linux-arm64-gnu": "0.8.7",
        "@yuku-parser/binding-linux-arm64-musl": "0.8.7",
        "@yuku-parser/binding-linux-x64-gnu": "0.8.7",
        "@yuku-parser/binding-linux-x64-musl": "0.8.7",
        "@yuku-parser/binding-win32-arm64": "0.8.7",
        "@yuku-parser/binding-win32-x64": "0.8.7"
      }
    }
  }
}
